github.com/BurntSushi/toml v0.3.1 h1:WXkYYl6Yr3qBf1K79EBnL4mak0OimBfB0XUf9Vl28OQ=
github.com/BurntSushi/toml v0.3.1/go.mod h1:xHWCNGjB5oqiDr8zfno3MHue2Ht5sIBksp03qcyfWMU=
github.com/bamiaux/rez v0.0.0-20170731184118-29f4463c688b h1:5Ci5wpOL75rYF6RQGRoqhEAU6xLJ6n/D4SckXX1yB74=
github.com/bamiaux/rez v0.0.0-20170731184118-29f4463c688b/go.mod h1:obBQGGIFbbv9KWg92Qu9UHeD94JXmHD1jovY/z6I3O8=
github.com/gofrs/uuid v3.2.0+incompatible h1:y12jRkkFxsd7GpqdSZ+/KCs/fJbqpEXSGd4+jfEaewE=
github.com/gofrs/uuid v3.2.0+incompatible/go.mod h1:b2aQJv3Z4Fp6yNu3cdSllBxTCLRxnplIgP/c0N/04lM=
github.com/kapmahc/epub v0.1.1 h1:a4fgmhh/q2vyzFR2QXOVohR2zAuQvbacCjMZ1LGr0lw=
github.com/kapmahc/epub v0.1.1/go.mod h1:UpnUbQO78vpmp6TC4emDTAIG6XVcdnZTnaTx06qbtYM=
github.com/mattn/go-sqlite3 v2.0.3+incompatible h1:gXHsfypPkaMZrKbD5209QV9jbUTJKjyR5WD3HYQSd+U=
github.com/mattn/go-sqlite3 v2.0.3+incompatible/go.mod h1:FPy6KqzDD04eiIsT53CuJW3U88zkxoIYsOqkbpncsNc=
github.com/mitchellh/mapstructure v1.1.2/go.mod h1:FVVH3fgwuzCH5S8UJGiWEs2h04kUh9fWfEaFds41c1Y=
github.com/pkg/errors v0.8.1/go.mod h1:bwawxfHBFNV+L2hUp1rHADufV3IMtnDRdf1r5NINEl0=
github.com/shermp/UNCaGED v0.3.0 h1:whk0JZjyOk0NT7ZKSzlmKl/LCvoAdn+sdmz2bw/El0w=
github.com/shermp/UNCaGED v0.3.0/go.mod h1:s3cTLpKvfGYXll3BKUuLKKIC9N2O+/fYAS1WEM5XYgs=
github.com/shermp/go-fbink-v2/v2 v2.21.0 h1:S2Q8B5zLGo7xTGILpqkVNZB94YwkehvTmECIYkxKH04=
github.com/shermp/go-fbink-v2/v2 v2.21.0/go.mod h1:QPZ+LtEGpr7FkAwfS1AuCHXUrTJWg57PKRl4SmnzKak=
